// !$*UTF8*$!
{
	archiveVersion = 1;
	classes = {
	};
	objectVersion = 46;
	objects = {

/* Begin PBXBuildFile section */
		18703F801D7670E300BFB829 /* AppDelegate.swift in Sources */ = {isa = PBXBuildFile; fileRef = 18703F7F1D7670E300BFB829 /* AppDelegate.swift */; };
		18703F821D7670E300BFB829 /* ViewController.swift in Sources */ = {isa = PBXBuildFile; fileRef = 18703F811D7670E300BFB829 /* ViewController.swift */; };
		18703F851D7670E300BFB829 /* Main.storyboard in Resources */ = {isa = PBXBuildFile; fileRef = 18703F831D7670E300BFB829 /* Main.storyboard */; };
		18703F871D7670E300BFB829 /* Assets.xcassets in Resources */ = {isa = PBXBuildFile; fileRef = 18703F861D7670E300BFB829 /* Assets.xcassets */; };
		18703F8A1D7670E300BFB829 /* LaunchScreen.storyboard in Resources */ = {isa = PBXBuildFile; fileRef = 18703F881D7670E300BFB829 /* LaunchScreen.storyboard */; };
		18703F971D7672C600BFB829 /* NKClassIdentifier.swift in Sources */ = {isa = PBXBuildFile; fileRef = 18703F921D7672C600BFB829 /* NKClassIdentifier.swift */; };
		18703F981D7672C600BFB829 /* NKStyle.swift in Sources */ = {isa = PBXBuildFile; fileRef = 18703F931D7672C600BFB829 /* NKStyle.swift */; };
		18703F991D7672C600BFB829 /* NKStylesheet.swift in Sources */ = {isa = PBXBuildFile; fileRef = 18703F941D7672C600BFB829 /* NKStylesheet.swift */; };
		18703F9A1D7672C600BFB829 /* NKStylist.swift in Sources */ = {isa = PBXBuildFile; fileRef = 18703F951D7672C600BFB829 /* NKStylist.swift */; };
		18703F9B1D7672C600BFB829 /* NSObject+NKStyle.swift in Sources */ = {isa = PBXBuildFile; fileRef = 18703F961D7672C600BFB829 /* NSObject+NKStyle.swift */; };
/* End PBXBuildFile section */

/* Begin PBXFileReference section */
		18703F7C1D7670E300BFB829 /* NStyle.app */ = {isa = PBXFileReference; explicitFileType = wrapper.application; includeInIndex = 0; path = NStyle.app; sourceTree = BUILT_PRODUCTS_DIR; };
		18703F7F1D7670E300BFB829 /* AppDelegate.swift */ = {isa = PBXFileReference; lastKnownFileType = sourcecode.swift; path = AppDelegate.swift; sourceTree = "<group>"; };
		18703F811D7670E300BFB829 /* ViewController.swift */ = {isa = PBXFileReference; lastKnownFileType = sourcecode.swift; path = ViewController.swift; sourceTree = "<group>"; };
		18703F841D7670E300BFB829 /* Base */ = {isa = PBXFileReference; lastKnownFileType = file.storyboard; name = Base; path = Base.lproj/Main.storyboard; sourceTree = "<group>"; };
		18703F861D7670E300BFB829 /* Assets.xcassets */ = {isa = PBXFileReference; lastKnownFileType = folder.assetcatalog; path = Assets.xcassets; sourceTree = "<group>"; };
		18703F891D7670E300BFB829 /* Base */ = {isa = PBXFileReference; lastKnownFileType = file.storyboard; name = Base; path = Base.lproj/LaunchScreen.storyboard; sourceTree = "<group>"; };
		18703F8B1D7670E300BFB829 /* Info.plist */ = {isa = PBXFileReference; lastKnownFileType = text.plist.xml; path = Info.plist; sourceTree = "<group>"; };
		18703F921D7672C600BFB829 /* NKClassIdentifier.swift */ = {isa = PBXFileReference; fileEncoding = 4; lastKnownFileType = sourcecode.swift; path = NKClassIdentifier.swift; sourceTree = "<group>"; };
		18703F931D7672C600BFB829 /* NKStyle.swift */ = {isa = PBXFileReference; fileEncoding = 4; lastKnownFileType = sourcecode.swift; path = NKStyle.swift; sourceTree = "<group>"; };
		18703F941D7672C600BFB829 /* NKStylesheet.swift */ = {isa = PBXFileReference; fileEncoding = 4; lastKnownFileType = sourcecode.swift; path = NKStylesheet.swift; sourceTree = "<group>"; };
		18703F951D7672C600BFB829 /* NKStylist.swift */ = {isa = PBXFileReference; fileEncoding = 4; lastKnownFileType = sourcecode.swift; path = NKStylist.swift; sourceTree = "<group>"; };
		18703F961D7672C600BFB829 /* NSObject+NKStyle.swift */ = {isa = PBXFileReference; fileEncoding = 4; lastKnownFileType = sourcecode.swift; path = "NSObject+NKStyle.swift"; sourceTree = "<group>"; };
/* End PBXFileReference section */

/* Begin PBXFrameworksBuildPhase section */
		18703F791D7670E300BFB829 /* Frameworks */ = {
			isa = PBXFrameworksBuildPhase;
			buildActionMask = 2147483647;
			files = (
			);
			runOnlyForDeploymentPostprocessing = 0;
		};
/* End PBXFrameworksBuildPhase section */

/* Begin PBXGroup section */
		18703F731D7670E300BFB829 = {
			isa = PBXGroup;
			children = (
				18703F7E1D7670E300BFB829 /* NStyle */,
				18703F7D1D7670E300BFB829 /* Products */,
			);
			sourceTree = "<group>";
		};
		18703F7D1D7670E300BFB829 /* Products */ = {
			isa = PBXGroup;
			children = (
				18703F7C1D7670E300BFB829 /* NStyle.app */,
			);
			name = Products;
			sourceTree = "<group>";
		};
		18703F7E1D7670E300BFB829 /* NStyle */ = {
			isa = PBXGroup;
			children = (
				18703F911D7672C600BFB829 /* Source */,
				18703F7F1D7670E300BFB829 /* AppDelegate.swift */,
				18703F811D7670E300BFB829 /* ViewController.swift */,
				18703F831D7670E300BFB829 /* Main.storyboard */,
				18703F861D7670E300BFB829 /* Assets.xcassets */,
				18703F881D7670E300BFB829 /* LaunchScreen.storyboard */,
				18703F8B1D7670E300BFB829 /* Info.plist */,
			);
			path = NStyle;
			sourceTree = "<group>";
		};
		18703F911D7672C600BFB829 /* Source */ = {
			isa = PBXGroup;
			children = (
				18703F921D7672C600BFB829 /* NKClassIdentifier.swift */,
				18703F931D7672C600BFB829 /* NKStyle.swift */,
				18703F941D7672C600BFB829 /* NKStylesheet.swift */,
				18703F951D7672C600BFB829 /* NKStylist.swift */,
				18703F961D7672C600BFB829 /* NSObject+NKStyle.swift */,
			);
			path = Source;
			sourceTree = "<group>";
		};
/* End PBXGroup section */

/* Begin PBXNativeTarget section */
		18703F7B1D7670E300BFB829 /* NStyle */ = {
			isa = PBXNativeTarget;
			buildConfigurationList = 18703F8E1D7670E300BFB829 /* Build configuration list for PBXNativeTarget "NStyle" */;
			buildPhases = (
				18703F781D7670E300BFB829 /* Sources */,
				18703F791D7670E300BFB829 /* Frameworks */,
				18703F7A1D7670E300BFB829 /* Resources */,
			);
			buildRules = (
			);
			dependencies = (
			);
			name = NStyle;
			productName = NStyle;
			productReference = 18703F7C1D7670E300BFB829 /* NStyle.app */;
			productType = "com.apple.product-type.application";
		};
/* End PBXNativeTarget section */

/* Begin PBXProject section */
		18703F741D7670E300BFB829 /* Project object */ = {
			isa = PBXProject;
			attributes = {
				LastSwiftUpdateCheck = 0730;
				LastUpgradeCheck = 0800;
				ORGANIZATIONNAME = "Nghia Nguyen";
				TargetAttributes = {
					18703F7B1D7670E300BFB829 = {
						CreatedOnToolsVersion = 7.3.1;
						LastSwiftMigration = 0800;
					};
				};
			};
			buildConfigurationList = 18703F771D7670E300BFB829 /* Build configuration list for PBXProject "NStyle" */;
			compatibilityVersion = "Xcode 3.2";
			developmentRegion = English;
			hasScannedForEncodings = 0;
			knownRegions = (
				en,
				Base,
			);
			mainGroup = 18703F731D7670E300BFB829;
			productRefGroup = 18703F7D1D7670E300BFB829 /* Products */;
			projectDirPath = "";
			projectRoot = "";
			targets = (
				18703F7B1D7670E300BFB829 /* NStyle */,
			);
		};
/* End PBXProject section */

/* Begin PBXResourcesBuildPhase section */
		18703F7A1D7670E300BFB829 /* Resources */ = {
			isa = PBXResourcesBuildPhase;
			buildActionMask = 2147483647;
			files = (
				18703F8A1D7670E300BFB829 /* LaunchScreen.storyboard in Resources */,
				18703F871D7670E300BFB829 /* Assets.xcassets in Resources */,
				18703F851D7670E300BFB829 /* Main.storyboard in Resources */,
			);
			runOnlyForDeploymentPostprocessing = 0;
		};
/* End PBXResourcesBuildPhase section */

/* Begin PBXSourcesBuildPhase section */
		18703F781D7670E300BFB829 /* Sources */ = {
			isa = PBXSourcesBuildPhase;
			buildActionMask = 2147483647;
			files = (
				18703F9B1D7672C600BFB829 /* NSObject+NKStyle.swift in Sources */,
				18703F971D7672C600BFB829 /* NKClassIdentifier.swift in Sources */,
				18703F821D7670E300BFB829 /* ViewController.swift in Sources */,
				18703F981D7672C600BFB829 /* NKStyle.swift in Sources */,
				18703F9A1D7672C600BFB829 /* NKStylist.swift in Sources */,
				18703F991D7672C600BFB829 /* NKStylesheet.swift in Sources */,
				18703F801D7670E300BFB829 /* AppDelegate.swift in Sources */,
			);
			runOnlyForDeploymentPostprocessing = 0;
		};
/* End PBXSourcesBuildPhase section */

/* Begin PBXVariantGroup section */
		18703F831D7670E300BFB829 /* Main.storyboard */ = {
			isa = PBXVariantGroup;
			children = (
				18703F841D7670E300BFB829 /* Base */,
			);
			name = Main.storyboard;
			sourceTree = "<group>";
		};
		18703F881D7670E300BFB829 /* LaunchScreen.storyboard */ = {
			isa = PBXVariantGroup;
			children = (
				18703F891D7670E300BFB829 /* Base */,
			);
			name = LaunchScreen.storyboard;
			sourceTree = "<group>";
		};
/* End PBXVariantGroup section */

/* Begin XCBuildConfiguration section */
		18703F8C1D7670E300BFB829 /* Debug */ = {
			isa = XCBuildConfiguration;
			buildSettings = {
				ALWAYS_SEARCH_USER_PATHS = NO;
				CLANG_ANALYZER_NONNULL = YES;
				CLANG_CXX_LANGUAGE_STANDARD = "gnu++0x";
				CLANG_CXX_LIBRARY = "libc++";
				CLANG_ENABLE_MODULES = YES;
				CLANG_ENABLE_OBJC_ARC = YES;
				CLANG_WARN_BOOL_CONVERSION = YES;
				CLANG_WARN_CONSTANT_CONVERSION = YES;
				CLANG_WARN_DIRECT_OBJC_ISA_USAGE = YES_ERROR;
				CLANG_WARN_EMPTY_BODY = YES;
				CLANG_WARN_ENUM_CONVERSION = YES;
				CLANG_WARN_INFINITE_RECURSION = YES;
				CLANG_WARN_INT_CONVERSION = YES;
				CLANG_WARN_OBJC_ROOT_CLASS = YES_ERROR;
				CLANG_WARN_SUSPICIOUS_MOVE = YES;
				CLANG_WARN_UNREACHABLE_CODE = YES;
				CLANG_WARN__DUPLICATE_METHOD_MATCH = YES;
				"CODE_SIGN_IDENTITY[sdk=iphoneos*]" = "iPhone Developer";
				COPY_PHASE_STRIP = NO;
				DEBUG_INFORMATION_FORMAT = dwarf;
				ENABLE_STRICT_OBJC_MSGSEND = YES;
				ENABLE_TESTABILITY = YES;
				GCC_C_LANGUAGE_STANDARD = gnu99;
				GCC_DYNAMIC_NO_PIC = NO;
				GCC_NO_COMMON_BLOCKS = YES;
				GCC_OPTIMIZATION_LEVEL = 0;
				GCC_PREPROCESSOR_DEFINITIONS = (
					"DEBUG=1",
					"$(inherited)",
				);
				GCC_WARN_64_TO_32_BIT_CONVERSION = YES;
				GCC_WARN_ABOUT_RETURN_TYPE = YES_ERROR;
				GCC_WARN_UNDECLARED_SELECTOR = YES;
				GCC_WARN_UNINITIALIZED_AUTOS = YES_AGGRESSIVE;
				GCC_WARN_UNUSED_FUNCTION = YES;
				GCC_WARN_UNUSED_VARIABLE = YES;
				IPHONEOS_DEPLOYMENT_TARGET = 9.3;
				MTL_ENABLE_DEBUG_INFO = YES;
				ONLY_ACTIVE_ARCH = YES;
				SDKROOT = iphoneos;
				SWIFT_OPTIMIZATION_LEVEL = "-Onone";
				TARGETED_DEVICE_FAMILY = "1,2";
			};
			name = Debug;
		};
		18703F8D1D7670E300BFB829 /* Release */ = {
			isa = XCBuildConfiguration;
			buildSettings = {
				ALWAYS_SEARCH_USER_PATHS = NO;
				CLANG_ANALYZER_NONNULL = YES;
				CLANG_CXX_LANGUAGE_STANDARD = "gnu++0x";
				CLANG_CXX_LIBRARY = "libc++";
				CLANG_ENABLE_MODULES = YES;
				CLANG_ENABLE_OBJC_ARC = YES;
				CLANG_WARN_BOOL_CONVERSION = YES;
				CLANG_WARN_CONSTANT_CONVERSION = YES;
				CLANG_WARN_DIRECT_OBJC_ISA_USAGE = YES_ERROR;
				CLANG_WARN_EMPTY_BODY = YES;
				CLANG_WARN_ENUM_CONVERSION = YES;
				CLANG_WARN_INFINITE_RECURSION = YES;
				CLANG_WARN_INT_CONVERSION = YES;
				CLANG_WARN_OBJC_ROOT_CLASS = YES_ERROR;
				CLANG_WARN_SUSPICIOUS_MOVE = YES;
				CLANG_WARN_UNREACHABLE_CODE = YES;
				CLANG_WARN__DUPLICATE_METHOD_MATCH = YES;
				"CODE_SIGN_IDENTITY[sdk=iphoneos*]" = "iPhone Developer";
				COPY_PHASE_STRIP = NO;
				DEBUG_INFORMATION_FORMAT = "dwarf-with-dsym";
				ENABLE_NS_ASSERTIONS = NO;
				ENABLE_STRICT_OBJC_MSGSEND = YES;
				GCC_C_LANGUAGE_STANDARD = gnu99;
				GCC_NO_COMMON_BLOCKS = YES;
				GCC_WARN_64_TO_32_BIT_CONVERSION = YES;
				GCC_WARN_ABOUT_RETURN_TYPE = YES_ERROR;
				GCC_WARN_UNDECLARED_SELECTOR = YES;
				GCC_WARN_UNINITIALIZED_AUTOS = YES_AGGRESSIVE;
				GCC_WARN_UNUSED_FUNCTION = YES;
				GCC_WARN_UNUSED_VARIABLE = YES;
				IPHONEOS_DEPLOYMENT_TARGET = 9.3;
				MTL_ENABLE_DEBUG_INFO = NO;
				SDKROOT = iphoneos;
				SWIFT_OPTIMIZATION_LEVEL = "-Owholemodule";
				TARGETED_DEVICE_FAMILY = "1,2";
				VALIDATE_PRODUCT = YES;
			};
			name = Release;
		};
		18703F8F1D7670E300BFB829 /* Debug */ = {
			isa = XCBuildConfiguration;
			buildSettings = {
				ASSETCATALOG_COMPILER_APPICON_NAME = AppIcon;
				INFOPLIST_FILE = NStyle/Info.plist;
				LD_RUNPATH_SEARCH_PATHS = "$(inherited) @executable_path/Frameworks";
				PRODUCT_BUNDLE_IDENTIFIER = com.cornerteam.NStyle;
				PRODUCT_NAME = "$(TARGET_NAME)";
				SWIFT_VERSION = 3.0;
			};
			name = Debug;
		};
		18703F901D7670E300BFB829 /* Release */ = {
			isa = XCBuildConfiguration;
			buildSettings = {
				ASSETCATALOG_COMPILER_APPICON_NAME = AppIcon;
				INFOPLIST_FILE = NStyle/Info.plist;
				LD_RUNPATH_SEARCH_PATHS = "$(inherited) @executable_path/Frameworks";
				PRODUCT_BUNDLE_IDENTIFIER = com.cornerteam.NStyle;
				PRODUCT_NAME = "$(TARGET_NAME)";
				SWIFT_VERSION = 3.0;
			};
			name = Release;
		};
/* End XCBuildConfiguration section */

/* Begin XCConfigurationList section */
		18703F771D7670E300BFB829 /* Build configuration list for PBXProject "NStyle" */ = {
			isa = XCConfigurationList;
			buildConfigurations = (
				18703F8C1D7670E300BFB829 /* Debug */,
				18703F8D1D7670E300BFB829 /* Release */,
			);
			defaultConfigurationIsVisible = 0;
			defaultConfigurationName = Release;
		};
		18703F8E1D7670E300BFB829 /* Build configuration list for PBXNativeTarget "NStyle" */ = {
			isa = XCConfigurationList;
			buildConfigurations = (
				18703F8F1D7670E300BFB829 /* Debug */,
				18703F901D7670E300BFB829 /* Release */,
			);
			defaultConfigurationIsVisible = 0;
			defaultConfigurationName = Release;
		};
/* End XCConfigurationList section */
	};
	rootObject = 18703F741D7670E300BFB829 /* Project object */;
}
